
Microsoft Visual Studio Solution File, Format Version 12.00
# Visual Studio Version 16
VisualStudioVersion = 16.0.30709.132
MinimumVisualStudioVersion = 10.0.40219.1
Project("{FAE04EC0-301F-11D3-BF4B-00C04F79EFBC}") = "RedisDistributedCacheWithDotNet5", "RedisDistributedCacheWithDotNet5\RedisDistributedCacheWithDotNet5.csproj", "{C82C87F4-3D9B-4F76-B8CD-041B1465F3C6}"
EndProject
Global
	GlobalSection(SolutionConfigurationPlatforms) = preSolution
		Debug|Any CPU = Debug|Any CPU
		Release|Any CPU = Release|Any CPU
	EndGlobalSection
	GlobalSection(ProjectConfigurationPlatforms) = postSolution
		{C82C87F4-3D9B-4F76-B8CD-041B1465F3C6}.Debug|Any CPU.ActiveCfg = Debug|Any CPU
		{C82C87F4-3D9B-4F76-B8CD-041B1465F3C6}.Debug|Any CPU.Build.0 = Debug|Any CPU
		{C82C87F4-3D9B-4F76-B8CD-041B1465F3C6}.Release|Any CPU.ActiveCfg = Release|Any CPU
		{C82C87F4-3D9B-4F76-B8CD-041B1465F3C6}.Release|Any CPU.Build.0 = Release|Any CPU
	EndGlobalSection
	GlobalSection(SolutionProperties) = preSolution
		HideSolutionNode = FALSE
	EndGlobalSection
	GlobalSection(ExtensibilityGlobals) = postSolution
		SolutionGuid = {9C6949AF-D381-433C-80D9-101A23A5C012}
	EndGlobalSection
EndGlobal
